// !$*UTF8*$!
{
	archiveVersion = 1;
	classes = {
	};
	objectVersion = 50;
	objects = {

/* Begin PBXBuildFile section */
		34FAB4E92337B56600B7330C /* AppDelegate.swift in Sources */ = {isa = PBXBuildFile; fileRef = 34FAB4E82337B56600B7330C /* AppDelegate.swift */; };
		34FAB4EB2337B56600B7330C /* ViewController.swift in Sources */ = {isa = PBXBuildFile; fileRef = 34FAB4EA2337B56600B7330C /* ViewController.swift */; };
		34FAB4EE2337B56600B7330C /* Main.storyboard in Resources */ = {isa = PBXBuildFile; fileRef = 34FAB4EC2337B56600B7330C /* Main.storyboard */; };
		34FAB4F02337B56800B7330C /* Assets.xcassets in Resources */ = {isa = PBXBuildFile; fileRef = 34FAB4EF2337B56800B7330C /* Assets.xcassets */; };
		34FAB4F32337B56800B7330C /* LaunchScreen.storyboard in Resources */ = {isa = PBXBuildFile; fileRef = 34FAB4F12337B56800B7330C /* LaunchScreen.storyboard */; };
		34FAB4FD2337B87D00B7330C /* LoginViewController.swift in Sources */ = {isa = PBXBuildFile; fileRef = 34FAB4FC2337B87D00B7330C /* LoginViewController.swift */; };
		34FAB4FF2337BA3A00B7330C /* HomeViewController.swift in Sources */ = {isa = PBXBuildFile; fileRef = 34FAB4FE2337BA3A00B7330C /* HomeViewController.swift */; };
		34FAB5032337BA9500B7330C /* ImageSelectViewController.swift in Sources */ = {isa = PBXBuildFile; fileRef = 34FAB5022337BA9500B7330C /* ImageSelectViewController.swift */; };
		34FAB5052337BAB700B7330C /* PostViewController.swift in Sources */ = {isa = PBXBuildFile; fileRef = 34FAB5042337BAB700B7330C /* PostViewController.swift */; };
		34FAB5072337BAC500B7330C /* SettingViewController.swift in Sources */ = {isa = PBXBuildFile; fileRef = 34FAB5062337BAC500B7330C /* SettingViewController.swift */; };
		F4E3AF07420374A65AACDB71 /* Pods_Instagram.framework in Frameworks */ = {isa = PBXBuildFile; fileRef = 6EEEA1537106490E49B8CACF /* Pods_Instagram.framework */; };
/* End PBXBuildFile section */

/* Begin PBXFileReference section */
		32DC3C1B7C433CB6D7B9DD2D /* Pods-Instagram.debug.xcconfig */ = {isa = PBXFileReference; includeInIndex = 1; lastKnownFileType = text.xcconfig; name = "Pods-Instagram.debug.xcconfig"; path = "Target Support Files/Pods-Instagram/Pods-Instagram.debug.xcconfig"; sourceTree = "<group>"; };
		34FAB4E52337B56600B7330C /* Instagram.app */ = {isa = PBXFileReference; explicitFileType = wrapper.application; includeInIndex = 0; path = Instagram.app; sourceTree = BUILT_PRODUCTS_DIR; };
		34FAB4E82337B56600B7330C /* AppDelegate.swift */ = {isa = PBXFileReference; lastKnownFileType = sourcecode.swift; path = AppDelegate.swift; sourceTree = "<group>"; };
		34FAB4EA2337B56600B7330C /* ViewController.swift */ = {isa = PBXFileReference; lastKnownFileType = sourcecode.swift; path = ViewController.swift; sourceTree = "<group>"; };
		34FAB4ED2337B56600B7330C /* Base */ = {isa = PBXFileReference; lastKnownFileType = file.storyboard; name = Base; path = Base.lproj/Main.storyboard; sourceTree = "<group>"; };
		34FAB4EF2337B56800B7330C /* Assets.xcassets */ = {isa = PBXFileReference; lastKnownFileType = folder.assetcatalog; path = Assets.xcassets; sourceTree = "<group>"; };
		34FAB4F22337B56800B7330C /* Base */ = {isa = PBXFileReference; lastKnownFileType = file.storyboard; name = Base; path = Base.lproj/LaunchScreen.storyboard; sourceTree = "<group>"; };
		34FAB4F42337B56800B7330C /* Info.plist */ = {isa = PBXFileReference; lastKnownFileType = text.plist.xml; path = Info.plist; sourceTree = "<group>"; };
		34FAB4FC2337B87D00B7330C /* LoginViewController.swift */ = {isa = PBXFileReference; lastKnownFileType = sourcecode.swift; path = LoginViewController.swift; sourceTree = "<group>"; };
		34FAB4FE2337BA3A00B7330C /* HomeViewController.swift */ = {isa = PBXFileReference; lastKnownFileType = sourcecode.swift; path = HomeViewController.swift; sourceTree = "<group>"; };
		34FAB5022337BA9500B7330C /* ImageSelectViewController.swift */ = {isa = PBXFileReference; lastKnownFileType = sourcecode.swift; path = ImageSelectViewController.swift; sourceTree = "<group>"; };
		34FAB5042337BAB700B7330C /* PostViewController.swift */ = {isa = PBXFileReference; lastKnownFileType = sourcecode.swift; path = PostViewController.swift; sourceTree = "<group>"; };
		34FAB5062337BAC500B7330C /* SettingViewController.swift */ = {isa = PBXFileReference; lastKnownFileType = sourcecode.swift; path = SettingViewController.swift; sourceTree = "<group>"; };
		6748E841B3AE038900F52134 /* Pods-Instagram.release.xcconfig */ = {isa = PBXFileReference; includeInIndex = 1; lastKnownFileType = text.xcconfig; name = "Pods-Instagram.release.xcconfig"; path = "Target Support Files/Pods-Instagram/Pods-Instagram.release.xcconfig"; sourceTree = "<group>"; };
		6EEEA1537106490E49B8CACF /* Pods_Instagram.framework */ = {isa = PBXFileReference; explicitFileType = wrapper.framework; includeInIndex = 0; path = Pods_Instagram.framework; sourceTree = BUILT_PRODUCTS_DIR; };
/* End PBXFileReference section */

/* Begin PBXFrameworksBuildPhase section */
		34FAB4E22337B56600B7330C /* Frameworks */ = {
			isa = PBXFrameworksBuildPhase;
			buildActionMask = 2147483647;
			files = (
				F4E3AF07420374A65AACDB71 /* Pods_Instagram.framework in Frameworks */,
			);
			runOnlyForDeploymentPostprocessing = 0;
		};
/* End PBXFrameworksBuildPhase section */

/* Begin PBXGroup section */
		2E224EDF9F4E25023BA02A28 /* Pods */ = {
			isa = PBXGroup;
			children = (
				32DC3C1B7C433CB6D7B9DD2D /* Pods-Instagram.debug.xcconfig */,
				6748E841B3AE038900F52134 /* Pods-Instagram.release.xcconfig */,
			);
			name = Pods;
			path = Pods;
			sourceTree = "<group>";
		};
		34FAB4DC2337B56600B7330C = {
			isa = PBXGroup;
			children = (
				34FAB4E72337B56600B7330C /* Instagram */,
				34FAB4E62337B56600B7330C /* Products */,
				2E224EDF9F4E25023BA02A28 /* Pods */,
				F593922C465C6FF997597181 /* Frameworks */,
			);
			sourceTree = "<group>";
		};
		34FAB4E62337B56600B7330C /* Products */ = {
			isa = PBXGroup;
			children = (
				34FAB4E52337B56600B7330C /* Instagram.app */,
			);
			name = Products;
			sourceTree = "<group>";
		};
		34FAB4E72337B56600B7330C /* Instagram */ = {
			isa = PBXGroup;
			children = (
				34FAB4E82337B56600B7330C /* AppDelegate.swift */,
				34FAB4EA2337B56600B7330C /* ViewController.swift */,
				34FAB4EC2337B56600B7330C /* Main.storyboard */,
				34FAB4EF2337B56800B7330C /* Assets.xcassets */,
				34FAB4F12337B56800B7330C /* LaunchScreen.storyboard */,
				34FAB4F42337B56800B7330C /* Info.plist */,
				34FAB4FC2337B87D00B7330C /* LoginViewController.swift */,
				34FAB4FE2337BA3A00B7330C /* HomeViewController.swift */,
				34FAB5022337BA9500B7330C /* ImageSelectViewController.swift */,
				34FAB5042337BAB700B7330C /* PostViewController.swift */,
				34FAB5062337BAC500B7330C /* SettingViewController.swift */,
			);
			path = Instagram;
			sourceTree = "<group>";
		};
		F593922C465C6FF997597181 /* Frameworks */ = {
			isa = PBXGroup;
			children = (
				6EEEA1537106490E49B8CACF /* Pods_Instagram.framework */,
			);
			name = Frameworks;
			sourceTree = "<group>";
		};
/* End PBXGroup section */

/* Begin PBXNativeTarget section */
		34FAB4E42337B56600B7330C /* Instagram */ = {
			isa = PBXNativeTarget;
			buildConfigurationList = 34FAB4F72337B56800B7330C /* Build configuration list for PBXNativeTarget "Instagram" */;
			buildPhases = (
				A989BF1922FA195D79869961 /* [CP] Check Pods Manifest.lock */,
				34FAB4E12337B56600B7330C /* Sources */,
				34FAB4E22337B56600B7330C /* Frameworks */,
				34FAB4E32337B56600B7330C /* Resources */,
				3442C0C9738569E3CA33587C /* [CP] Embed Pods Frameworks */,
			);
			buildRules = (
			);
			dependencies = (
			);
			name = Instagram;
			productName = Instagram;
			productReference = 34FAB4E52337B56600B7330C /* Instagram.app */;
			productType = "com.apple.product-type.application";
		};
/* End PBXNativeTarget section */

/* Begin PBXProject section */
		34FAB4DD2337B56600B7330C /* Project object */ = {
			isa = PBXProject;
			attributes = {
				LastSwiftUpdateCheck = 1030;
				LastUpgradeCheck = 1030;
				ORGANIZATIONNAME = "佐藤　由羽太";
				TargetAttributes = {
					34FAB4E42337B56600B7330C = {
						CreatedOnToolsVersion = 10.3;
					};
				};
			};
			buildConfigurationList = 34FAB4E02337B56600B7330C /* Build configuration list for PBXProject "Instagram" */;
			compatibilityVersion = "Xcode 9.3";
			developmentRegion = en;
			hasScannedForEncodings = 0;
			knownRegions = (
				en,
				Base,
			);
			mainGroup = 34FAB4DC2337B56600B7330C;
			productRefGroup = 34FAB4E62337B56600B7330C /* Products */;
			projectDirPath = "";
			projectRoot = "";
			targets = (
				34FAB4E42337B56600B7330C /* Instagram */,
			);
		};
/* End PBXProject section */

/* Begin PBXResourcesBuildPhase section */
		34FAB4E32337B56600B7330C /* Resources */ = {
			isa = PBXResourcesBuildPhase;
			buildActionMask = 2147483647;
			files = (
				34FAB4F32337B56800B7330C /* LaunchScreen.storyboard in Resources */,
				34FAB4F02337B56800B7330C /* Assets.xcassets in Resources */,
				34FAB4EE2337B56600B7330C /* Main.storyboard in Resources */,
			);
			runOnlyForDeploymentPostprocessing = 0;
		};
/* End PBXResourcesBuildPhase section */

/* Begin PBXShellScriptBuildPhase section */
		3442C0C9738569E3CA33587C /* [CP] Embed Pods Frameworks */ = {
			isa = PBXShellScriptBuildPhase;
			buildActionMask = 2147483647;
			files = (
			);
			inputFileListPaths = (
				"${PODS_ROOT}/Target Support Files/Pods-Instagram/Pods-Instagram-frameworks-${CONFIGURATION}-input-files.xcfilelist",
			);
			name = "[CP] Embed Pods Frameworks";
			outputFileListPaths = (
				"${PODS_ROOT}/Target Support Files/Pods-Instagram/Pods-Instagram-frameworks-${CONFIGURATION}-output-files.xcfilelist",
			);
			runOnlyForDeploymentPostprocessing = 0;
			shellPath = /bin/sh;
			shellScript = "\"${PODS_ROOT}/Target Support Files/Pods-Instagram/Pods-Instagram-frameworks.sh\"\n";
			showEnvVarsInLog = 0;
		};
		A989BF1922FA195D79869961 /* [CP] Check Pods Manifest.lock */ = {
			isa = PBXShellScriptBuildPhase;
			buildActionMask = 2147483647;
			files = (
			);
			inputFileListPaths = (
			);
			inputPaths = (
				"${PODS_PODFILE_DIR_PATH}/Podfile.lock",
				"${PODS_ROOT}/Manifest.lock",
			);
			name = "[CP] Check Pods Manifest.lock";
			outputFileListPaths = (
			);
			outputPaths = (
				"$(DERIVED_FILE_DIR)/Pods-Instagram-checkManifestLockResult.txt",
			);
			runOnlyForDeploymentPostprocessing = 0;
			shellPath = /bin/sh;
			shellScript = "diff \"${PODS_PODFILE_DIR_PATH}/Podfile.lock\" \"${PODS_ROOT}/Manifest.lock\" > /dev/null\nif [ $? != 0 ] ; then\n    # print error to STDERR\n    echo \"error: The sandbox is not in sync with the Podfile.lock. Run 'pod install' or update your CocoaPods installation.\" >&2\n    exit 1\nfi\n# This output is used by Xcode 'outputs' to avoid re-running this script phase.\necho \"SUCCESS\" > \"${SCRIPT_OUTPUT_FILE_0}\"\n";
			showEnvVarsInLog = 0;
		};
/* End PBXShellScriptBuildPhase section */

/* Begin PBXSourcesBuildPhase section */
		34FAB4E12337B56600B7330C /* Sources */ = {
			isa = PBXSourcesBuildPhase;
			buildActionMask = 2147483647;
			files = (
				34FAB5052337BAB700B7330C /* PostViewController.swift in Sources */,
				34FAB4FD2337B87D00B7330C /* LoginViewController.swift in Sources */,
				34FAB4EB2337B56600B7330C /* ViewController.swift in Sources */,
				34FAB4E92337B56600B7330C /* AppDelegate.swift in Sources */,
				34FAB5032337BA9500B7330C /* ImageSelectViewController.swift in Sources */,
				34FAB5072337BAC500B7330C /* SettingViewController.swift in Sources */,
				34FAB4FF2337BA3A00B7330C /* HomeViewController.swift in Sources */,
			);
			runOnlyForDeploymentPostprocessing = 0;
		};
/* End PBXSourcesBuildPhase section */

/* Begin PBXVariantGroup section */
		34FAB4EC2337B56600B7330C /* Main.storyboard */ = {
			isa = PBXVariantGroup;
			children = (
				34FAB4ED2337B56600B7330C /* Base */,
			);
			name = Main.storyboard;
			sourceTree = "<group>";
		};
		34FAB4F12337B56800B7330C /* LaunchScreen.storyboard */ = {
			isa = PBXVariantGroup;
			children = (
				34FAB4F22337B56800B7330C /* Base */,
			);
			name = LaunchScreen.storyboard;
			sourceTree = "<group>";
		};
/* End PBXVariantGroup section */

/* Begin XCBuildConfiguration section */
		34FAB4F52337B56800B7330C /* Debug */ = {
			isa = XCBuildConfiguration;
			buildSettings = {
				ALWAYS_SEARCH_USER_PATHS = NO;
				CLANG_ANALYZER_NONNULL = YES;
				CLANG_ANALYZER_NUMBER_OBJECT_CONVERSION = YES_AGGRESSIVE;
				CLANG_CXX_LANGUAGE_STANDARD = "gnu++14";
				CLANG_CXX_LIBRARY = "libc++";
				CLANG_ENABLE_MODULES = YES;
				CLANG_ENABLE_OBJC_ARC = YES;
				CLANG_ENABLE_OBJC_WEAK = YES;
				CLANG_WARN_BLOCK_CAPTURE_AUTORELEASING = YES;
				CLANG_WARN_BOOL_CONVERSION = YES;
				CLANG_WARN_COMMA = YES;
				CLANG_WARN_CONSTANT_CONVERSION = YES;
				CLANG_WARN_DEPRECATED_OBJC_IMPLEMENTATIONS = YES;
				CLANG_WARN_DIRECT_OBJC_ISA_USAGE = YES_ERROR;
				CLANG_WARN_DOCUMENTATION_COMMENTS = YES;
				CLANG_WARN_EMPTY_BODY = YES;
				CLANG_WARN_ENUM_CONVERSION = YES;
				CLANG_WARN_INFINITE_RECURSION = YES;
				CLANG_WARN_INT_CONVERSION = YES;
				CLANG_WARN_NON_LITERAL_NULL_CONVERSION = YES;
				CLANG_WARN_OBJC_IMPLICIT_RETAIN_SELF = YES;
				CLANG_WARN_OBJC_LITERAL_CONVERSION = YES;
				CLANG_WARN_OBJC_ROOT_CLASS = YES_ERROR;
				CLANG_WARN_RANGE_LOOP_ANALYSIS = YES;
				CLANG_WARN_STRICT_PROTOTYPES = YES;
				CLANG_WARN_SUSPICIOUS_MOVE = YES;
				CLANG_WARN_UNGUARDED_AVAILABILITY = YES_AGGRESSIVE;
				CLANG_WARN_UNREACHABLE_CODE = YES;
				CLANG_WARN__DUPLICATE_METHOD_MATCH = YES;
				CODE_SIGN_IDENTITY = "iPhone Developer";
				COPY_PHASE_STRIP = NO;
				DEBUG_INFORMATION_FORMAT = dwarf;
				ENABLE_STRICT_OBJC_MSGSEND = YES;
				ENABLE_TESTABILITY = YES;
				GCC_C_LANGUAGE_STANDARD = gnu11;
				GCC_DYNAMIC_NO_PIC = NO;
				GCC_NO_COMMON_BLOCKS = YES;
				GCC_OPTIMIZATION_LEVEL = 0;
				GCC_PREPROCESSOR_DEFINITIONS = (
					"DEBUG=1",
					"$(inherited)",
				);
				GCC_WARN_64_TO_32_BIT_CONVERSION = YES;
				GCC_WARN_ABOUT_RETURN_TYPE = YES_ERROR;
				GCC_WARN_UNDECLARED_SELECTOR = YES;
				GCC_WARN_UNINITIALIZED_AUTOS = YES_AGGRESSIVE;
				GCC_WARN_UNUSED_FUNCTION = YES;
				GCC_WARN_UNUSED_VARIABLE = YES;
				IPHONEOS_DEPLOYMENT_TARGET = 12.4;
				MTL_ENABLE_DEBUG_INFO = INCLUDE_SOURCE;
				MTL_FAST_MATH = YES;
				ONLY_ACTIVE_ARCH = YES;
				SDKROOT = iphoneos;
				SWIFT_ACTIVE_COMPILATION_CONDITIONS = DEBUG;
				SWIFT_OPTIMIZATION_LEVEL = "-Onone";
			};
			name = Debug;
		};
		34FAB4F62337B56800B7330C /* Release */ = {
			isa = XCBuildConfiguration;
			buildSettings = {
				ALWAYS_SEARCH_USER_PATHS = NO;
				CLANG_ANALYZER_NONNULL = YES;
				CLANG_ANALYZER_NUMBER_OBJECT_CONVERSION = YES_AGGRESSIVE;
				CLANG_CXX_LANGUAGE_STANDARD = "gnu++14";
				CLANG_CXX_LIBRARY = "libc++";
				CLANG_ENABLE_MODULES = YES;
				CLANG_ENABLE_OBJC_ARC = YES;
				CLANG_ENABLE_OBJC_WEAK = YES;
				CLANG_WARN_BLOCK_CAPTURE_AUTORELEASING = YES;
				CLANG_WARN_BOOL_CONVERSION = YES;
				CLANG_WARN_COMMA = YES;
				CLANG_WARN_CONSTANT_CONVERSION = YES;
				CLANG_WARN_DEPRECATED_OBJC_IMPLEMENTATIONS = YES;
				CLANG_WARN_DIRECT_OBJC_ISA_USAGE = YES_ERROR;
				CLANG_WARN_DOCUMENTATION_COMMENTS = YES;
				CLANG_WARN_EMPTY_BODY = YES;
				CLANG_WARN_ENUM_CONVERSION = YES;
				CLANG_WARN_INFINITE_RECURSION = YES;
				CLANG_WARN_INT_CONVERSION = YES;
				CLANG_WARN_NON_LITERAL_NULL_CONVERSION = YES;
				CLANG_WARN_OBJC_IMPLICIT_RETAIN_SELF = YES;
				CLANG_WARN_OBJC_LITERAL_CONVERSION = YES;
				CLANG_WARN_OBJC_ROOT_CLASS = YES_ERROR;
				CLANG_WARN_RANGE_LOOP_ANALYSIS = YES;
				CLANG_WARN_STRICT_PROTOTYPES = YES;
				CLANG_WARN_SUSPICIOUS_MOVE = YES;
				CLANG_WARN_UNGUARDED_AVAILABILITY = YES_AGGRESSIVE;
				CLANG_WARN_UNREACHABLE_CODE = YES;
				CLANG_WARN__DUPLICATE_METHOD_MATCH = YES;
				CODE_SIGN_IDENTITY = "iPhone Developer";
				COPY_PHASE_STRIP = NO;
				DEBUG_INFORMATION_FORMAT = "dwarf-with-dsym";
				ENABLE_NS_ASSERTIONS = NO;
				ENABLE_STRICT_OBJC_MSGSEND = YES;
				GCC_C_LANGUAGE_STANDARD = gnu11;
				GCC_NO_COMMON_BLOCKS = YES;
				GCC_WARN_64_TO_32_BIT_CONVERSION = YES;
				GCC_WARN_ABOUT_RETURN_TYPE = YES_ERROR;
				GCC_WARN_UNDECLARED_SELECTOR = YES;
				GCC_WARN_UNINITIALIZED_AUTOS = YES_AGGRESSIVE;
				GCC_WARN_UNUSED_FUNCTION = YES;
				GCC_WARN_UNUSED_VARIABLE = YES;
				IPHONEOS_DEPLOYMENT_TARGET = 12.4;
				MTL_ENABLE_DEBUG_INFO = NO;
				MTL_FAST_MATH = YES;
				SDKROOT = iphoneos;
				SWIFT_COMPILATION_MODE = wholemodule;
				SWIFT_OPTIMIZATION_LEVEL = "-O";
				VALIDATE_PRODUCT = YES;
			};
			name = Release;
		};
		34FAB4F82337B56800B7330C /* Debug */ = {
			isa = XCBuildConfiguration;
			baseConfigurationReference = 32DC3C1B7C433CB6D7B9DD2D /* Pods-Instagram.debug.xcconfig */;
			buildSettings = {
				ASSETCATALOG_COMPILER_APPICON_NAME = AppIcon;
				CODE_SIGN_STYLE = Automatic;
				INFOPLIST_FILE = Instagram/Info.plist;
				LD_RUNPATH_SEARCH_PATHS = (
					"$(inherited)",
					"@executable_path/Frameworks",
				);
				PRODUCT_BUNDLE_IDENTIFIER = jp.techacademy.sato.yuta.Instagram;
				PRODUCT_NAME = "$(TARGET_NAME)";
				SWIFT_VERSION = 5.0;
				TARGETED_DEVICE_FAMILY = 1;
			};
			name = Debug;
		};
		34FAB4F92337B56800B7330C /* Release */ = {
			isa = XCBuildConfiguration;
			baseConfigurationReference = 6748E841B3AE038900F52134 /* Pods-Instagram.release.xcconfig */;
			buildSettings = {
				ASSETCATALOG_COMPILER_APPICON_NAME = AppIcon;
				CODE_SIGN_STYLE = Automatic;
				INFOPLIST_FILE = Instagram/Info.plist;
				LD_RUNPATH_SEARCH_PATHS = (
					"$(inherited)",
					"@executable_path/Frameworks",
				);
				PRODUCT_BUNDLE_IDENTIFIER = jp.techacademy.sato.yuta.Instagram;
				PRODUCT_NAME = "$(TARGET_NAME)";
				SWIFT_VERSION = 5.0;
				TARGETED_DEVICE_FAMILY = 1;
			};
			name = Release;
		};
/* End XCBuildConfiguration section */

/* Begin XCConfigurationList section */
		34FAB4E02337B56600B7330C /* Build configuration list for PBXProject "Instagram" */ = {
			isa = XCConfigurationList;
			buildConfigurations = (
				34FAB4F52337B56800B7330C /* Debug */,
				34FAB4F62337B56800B7330C /* Release */,
			);
			defaultConfigurationIsVisible = 0;
			defaultConfigurationName = Release;
		};
		34FAB4F72337B56800B7330C /* Build configuration list for PBXNativeTarget "Instagram" */ = {
			isa = XCConfigurationList;
			buildConfigurations = (
				34FAB4F82337B56800B7330C /* Debug */,
				34FAB4F92337B56800B7330C /* Release */,
			);
			defaultConfigurationIsVisible = 0;
			defaultConfigurationName = Release;
		};
/* End XCConfigurationList section */
	};
	rootObject = 34FAB4DD2337B56600B7330C /* Project object */;
}
